// !$*UTF8*$!
{
	archiveVersion = 1;
	classes = {
	};
	objectVersion = 46;
	objects = {

/* Begin PBXBuildFile section */
		87B24E381BDA7BF8003DEAAE /* main.cpp in Sources */ = {isa = PBXBuildFile; fileRef = 87B24E371BDA7BF8003DEAAE /* main.cpp */; };
		87B24E401BDA7C08003DEAAE /* clint.cpp in Sources */ = {isa = PBXBuildFile; fileRef = 87B24E3E1BDA7C08003DEAAE /* clint.cpp */; settings = {ASSET_TAGS = (); }; };
/* End PBXBuildFile section */

/* Begin PBXCopyFilesBuildPhase section */
		87B24E321BDA7BF8003DEAAE /* CopyFiles */ = {
			isa = PBXCopyFilesBuildPhase;
			buildActionMask = 2147483647;
			dstPath = /usr/share/man/man1/;
			dstSubfolderSpec = 0;
			files = (
			);
			runOnlyForDeploymentPostprocessing = 1;
		};
/* End PBXCopyFilesBuildPhase section */

/* Begin PBXFileReference section */
		87B24E341BDA7BF8003DEAAE /* socket客户端 */ = {isa = PBXFileReference; explicitFileType = "compiled.mach-o.executable"; includeInIndex = 0; path = "socket客户端"; sourceTree = BUILT_PRODUCTS_DIR; };
		87B24E371BDA7BF8003DEAAE /* main.cpp */ = {isa = PBXFileReference; lastKnownFileType = sourcecode.cpp.cpp; path = main.cpp; sourceTree = "<group>"; };
		87B24E3E1BDA7C08003DEAAE /* clint.cpp */ = {isa = PBXFileReference; fileEncoding = 4; lastKnownFileType = sourcecode.cpp.cpp; path = clint.cpp; sourceTree = "<group>"; };
		87B24E3F1BDA7C08003DEAAE /* clint.hpp */ = {isa = PBXFileReference; fileEncoding = 4; lastKnownFileType = sourcecode.cpp.h; path = clint.hpp; sourceTree = "<group>"; };
/* End PBXFileReference section */

/* Begin PBXFrameworksBuildPhase section */
		87B24E311BDA7BF8003DEAAE /* Frameworks */ = {
			isa = PBXFrameworksBuildPhase;
			buildActionMask = 2147483647;
			files = (
			);
			runOnlyForDeploymentPostprocessing = 0;
		};
/* End PBXFrameworksBuildPhase section */

/* Begin PBXGroup section */
		87B24E2B1BDA7BF8003DEAAE = {
			isa = PBXGroup;
			children = (
				87B24E361BDA7BF8003DEAAE /* socket客户端 */,
				87B24E351BDA7BF8003DEAAE /* Products */,
			);
			sourceTree = "<group>";
		};
		87B24E351BDA7BF8003DEAAE /* Products */ = {
			isa = PBXGroup;
			children = (
				87B24E341BDA7BF8003DEAAE /* socket客户端 */,
			);
			name = Products;
			sourceTree = "<group>";
		};
		87B24E361BDA7BF8003DEAAE /* socket客户端 */ = {
			isa = PBXGroup;
			children = (
				87B24E3E1BDA7C08003DEAAE /* clint.cpp */,
				87B24E3F1BDA7C08003DEAAE /* clint.hpp */,
				87B24E371BDA7BF8003DEAAE /* main.cpp */,
			);
			path = "socket客户端";
			sourceTree = "<group>";
		};
/* End PBXGroup section */

/* Begin PBXNativeTarget section */
		87B24E331BDA7BF8003DEAAE /* socket客户端 */ = {
			isa = PBXNativeTarget;
			buildConfigurationList = 87B24E3B1BDA7BF8003DEAAE /* Build configuration list for PBXNativeTarget "socket客户端" */;
			buildPhases = (
				87B24E301BDA7BF8003DEAAE /* Sources */,
				87B24E311BDA7BF8003DEAAE /* Frameworks */,
				87B24E321BDA7BF8003DEAAE /* CopyFiles */,
			);
			buildRules = (
			);
			dependencies = (
			);
			name = "socket客户端";
			productName = "socket客户端";
			productReference = 87B24E341BDA7BF8003DEAAE /* socket客户端 */;
			productType = "com.apple.product-type.tool";
		};
/* End PBXNativeTarget section */

/* Begin PBXProject section */
		87B24E2C1BDA7BF8003DEAAE /* Project object */ = {
			isa = PBXProject;
			attributes = {
				LastUpgradeCheck = 0700;
				ORGANIZATIONNAME = LaiYong;
				TargetAttributes = {
					87B24E331BDA7BF8003DEAAE = {
						CreatedOnToolsVersion = 7.0.1;
					};
				};
			};
			buildConfigurationList = 87B24E2F1BDA7BF8003DEAAE /* Build configuration list for PBXProject "socket客户端" */;
			compatibilityVersion = "Xcode 3.2";
			developmentRegion = English;
			hasScannedForEncodings = 0;
			knownRegions = (
				en,
			);
			mainGroup = 87B24E2B1BDA7BF8003DEAAE;
			productRefGroup = 87B24E351BDA7BF8003DEAAE /* Products */;
			projectDirPath = "";
			projectRoot = "";
			targets = (
				87B24E331BDA7BF8003DEAAE /* socket客户端 */,
			);
		};
/* End PBXProject section */

/* Begin PBXSourcesBuildPhase section */
		87B24E301BDA7BF8003DEAAE /* Sources */ = {
			isa = PBXSourcesBuildPhase;
			buildActionMask = 2147483647;
			files = (
				87B24E401BDA7C08003DEAAE /* clint.cpp in Sources */,
				87B24E381BDA7BF8003DEAAE /* main.cpp in Sources */,
			);
			runOnlyForDeploymentPostprocessing = 0;
		};
/* End PBXSourcesBuildPhase section */

/* Begin XCBuildConfiguration section */
		87B24E391BDA7BF8003DEAAE /* Debug */ = {
			isa = XCBuildConfiguration;
			buildSettings = {
				ALWAYS_SEARCH_USER_PATHS = NO;
				CLANG_CXX_LANGUAGE_STANDARD = "gnu++0x";
				CLANG_CXX_LIBRARY = "libc++";
				CLANG_ENABLE_MODULES = YES;
				CLANG_ENABLE_OBJC_ARC = YES;
				CLANG_WARN_BOOL_CONVERSION = YES;
				CLANG_WARN_CONSTANT_CONVERSION = YES;
				CLANG_WARN_DIRECT_OBJC_ISA_USAGE = YES_ERROR;
				CLANG_WARN_EMPTY_BODY = YES;
				CLANG_WARN_ENUM_CONVERSION = YES;
				CLANG_WARN_INT_CONVERSION = YES;
				CLANG_WARN_OBJC_ROOT_CLASS = YES_ERROR;
				CLANG_WARN_UNREACHABLE_CODE = YES;
				CLANG_WARN__DUPLICATE_METHOD_MATCH = YES;
				COPY_PHASE_STRIP = NO;
				DEBUG_INFORMATION_FORMAT = dwarf;
				ENABLE_STRICT_OBJC_MSGSEND = YES;
				ENABLE_TESTABILITY = YES;
				GCC_C_LANGUAGE_STANDARD = gnu99;
				GCC_DYNAMIC_NO_PIC = NO;
				GCC_NO_COMMON_BLOCKS = YES;
				GCC_OPTIMIZATION_LEVEL = 0;
				GCC_PREPROCESSOR_DEFINITIONS = (
					"DEBUG=1",
					"$(inherited)",
				);
				GCC_WARN_64_TO_32_BIT_CONVERSION = YES;
				GCC_WARN_ABOUT_RETURN_TYPE = YES_ERROR;
				GCC_WARN_UNDECLARED_SELECTOR = YES;
				GCC_WARN_UNINITIALIZED_AUTOS = YES_AGGRESSIVE;
				GCC_WARN_UNUSED_FUNCTION = YES;
				GCC_WARN_UNUSED_VARIABLE = YES;
				MACOSX_DEPLOYMENT_TARGET = 10.10;
				MTL_ENABLE_DEBUG_INFO = YES;
				ONLY_ACTIVE_ARCH = YES;
				SDKROOT = macosx;
			};
			name = Debug;
		};
		87B24E3A1BDA7BF8003DEAAE /* Release */ = {
			isa = XCBuildConfiguration;
			buildSettings = {
				ALWAYS_SEARCH_USER_PATHS = NO;
				CLANG_CXX_LANGUAGE_STANDARD = "gnu++0x";
				CLANG_CXX_LIBRARY = "libc++";
				CLANG_ENABLE_MODULES = YES;
				CLANG_ENABLE_OBJC_ARC = YES;
				CLANG_WARN_BOOL_CONVERSION = YES;
				CLANG_WARN_CONSTANT_CONVERSION = YES;
				CLANG_WARN_DIRECT_OBJC_ISA_USAGE = YES_ERROR;
				CLANG_WARN_EMPTY_BODY = YES;
				CLANG_WARN_ENUM_CONVERSION = YES;
				CLANG_WARN_INT_CONVERSION = YES;
				CLANG_WARN_OBJC_ROOT_CLASS = YES_ERROR;
				CLANG_WARN_UNREACHABLE_CODE = YES;
				CLANG_WARN__DUPLICATE_METHOD_MATCH = YES;
				COPY_PHASE_STRIP = NO;
				DEBUG_INFORMATION_FORMAT = "dwarf-with-dsym";
				ENABLE_NS_ASSERTIONS = NO;
				ENABLE_STRICT_OBJC_MSGSEND = YES;
				GCC_C_LANGUAGE_STANDARD = gnu99;
				GCC_NO_COMMON_BLOCKS = YES;
				GCC_WARN_64_TO_32_BIT_CONVERSION = YES;
				GCC_WARN_ABOUT_RETURN_TYPE = YES_ERROR;
				GCC_WARN_UNDECLARED_SELECTOR = YES;
				GCC_WARN_UNINITIALIZED_AUTOS = YES_AGGRESSIVE;
				GCC_WARN_UNUSED_FUNCTION = YES;
				GCC_WARN_UNUSED_VARIABLE = YES;
				MACOSX_DEPLOYMENT_TARGET = 10.10;
				MTL_ENABLE_DEBUG_INFO = NO;
				SDKROOT = macosx;
			};
			name = Release;
		};
		87B24E3C1BDA7BF8003DEAAE /* Debug */ = {
			isa = XCBuildConfiguration;
			buildSettings = {
				PRODUCT_NAME = "$(TARGET_NAME)";
			};
			name = Debug;
		};
		87B24E3D1BDA7BF8003DEAAE /* Release */ = {
			isa = XCBuildConfiguration;
			buildSettings = {
				PRODUCT_NAME = "$(TARGET_NAME)";
			};
			name = Release;
		};
/* End XCBuildConfiguration section */

/* Begin XCConfigurationList section */
		87B24E2F1BDA7BF8003DEAAE /* Build configuration list for PBXProject "socket客户端" */ = {
			isa = XCConfigurationList;
			buildConfigurations = (
				87B24E391BDA7BF8003DEAAE /* Debug */,
				87B24E3A1BDA7BF8003DEAAE /* Release */,
			);
			defaultConfigurationIsVisible = 0;
			defaultConfigurationName = Release;
		};
		87B24E3B1BDA7BF8003DEAAE /* Build configuration list for PBXNativeTarget "socket客户端" */ = {
			isa = XCConfigurationList;
			buildConfigurations = (
				87B24E3C1BDA7BF8003DEAAE /* Debug */,
				87B24E3D1BDA7BF8003DEAAE /* Release */,
			);
			defaultConfigurationIsVisible = 0;
		};
/* End XCConfigurationList section */
	};
	rootObject = 87B24E2C1BDA7BF8003DEAAE /* Project object */;
}
